
Microsoft Visual Studio Solution File, Format Version 12.00
# Visual Studio Version 17
VisualStudioVersion = 17.13.35828.75 d17.13
MinimumVisualStudioVersion = 10.0.40219.1
Project("{FAE04EC0-301F-11D3-BF4B-00C04F79EFBC}") = "WebAPI", "WebAPI.csproj", "{AFB1B65E-4B03-4665-AAD4-58BAB1438028}"
EndProject
Global
	GlobalSection(SolutionConfigurationPlatforms) = preSolution
		Debug|Any CPU = Debug|Any CPU
		Release|Any CPU = Release|Any CPU
	EndGlobalSection
	GlobalSection(ProjectConfigurationPlatforms) = postSolution
		{AFB1B65E-4B03-4665-AAD4-58BAB1438028}.Debug|Any CPU.ActiveCfg = Debug|Any CPU
		{AFB1B65E-4B03-4665-AAD4-58BAB1438028}.Debug|Any CPU.Build.0 = Debug|Any CPU
		{AFB1B65E-4B03-4665-AAD4-58BAB1438028}.Release|Any CPU.ActiveCfg = Release|Any CPU
		{AFB1B65E-4B03-4665-AAD4-58BAB1438028}.Release|Any CPU.Build.0 = Release|Any CPU
	EndGlobalSection
	GlobalSection(SolutionProperties) = preSolution
		HideSolutionNode = FALSE
	EndGlobalSection
	GlobalSection(ExtensibilityGlobals) = postSolution
		SolutionGuid = {36B8E57C-59CF-4546-B48C-9AF84A678BBF}
	EndGlobalSection
EndGlobal
